
Microsoft Visual Studio Solution File, Format Version 12.00
# Visual Studio Version 16
VisualStudioVersion = 16.0.31613.86
MinimumVisualStudioVersion = 10.0.40219.1
Project("{FAE04EC0-301F-11D3-BF4B-00C04F79EFBC}") = "FirstZX", "FirstZX\FirstZX.csproj", "{502913B3-32B5-4A3B-B5CD-92EFFC319951}"
EndProject
Project("{FAE04EC0-301F-11D3-BF4B-00C04F79EFBC}") = "FirstZX.Datalayer", "FirstZX.Datalayer\FirstZX.Datalayer.csproj", "{B67CBC28-3E0F-425D-8AA1-FEB65B5F70C2}"
EndProject
Project("{FAE04EC0-301F-11D3-BF4B-00C04F79EFBC}") = "FirstZX.Core", "FirstZX.Core\FirstZX.Core.csproj", "{4F95B842-C4B3-4D8C-A26D-C0B5166FD836}"
EndProject
Global
	GlobalSection(SolutionConfigurationPlatforms) = preSolution
		Debug|Any CPU = Debug|Any CPU
		Release|Any CPU = Release|Any CPU
	EndGlobalSection
	GlobalSection(ProjectConfigurationPlatforms) = postSolution
		{502913B3-32B5-4A3B-B5CD-92EFFC319951}.Debug|Any CPU.ActiveCfg = Debug|Any CPU
		{502913B3-32B5-4A3B-B5CD-92EFFC319951}.Debug|Any CPU.Build.0 = Debug|Any CPU
		{502913B3-32B5-4A3B-B5CD-92EFFC319951}.Release|Any CPU.ActiveCfg = Release|Any CPU
		{502913B3-32B5-4A3B-B5CD-92EFFC319951}.Release|Any CPU.Build.0 = Release|Any CPU
		{B67CBC28-3E0F-425D-8AA1-FEB65B5F70C2}.Debug|Any CPU.ActiveCfg = Debug|Any CPU
		{B67CBC28-3E0F-425D-8AA1-FEB65B5F70C2}.Debug|Any CPU.Build.0 = Debug|Any CPU
		{B67CBC28-3E0F-425D-8AA1-FEB65B5F70C2}.Release|Any CPU.ActiveCfg = Release|Any CPU
		{B67CBC28-3E0F-425D-8AA1-FEB65B5F70C2}.Release|Any CPU.Build.0 = Release|Any CPU
		{4F95B842-C4B3-4D8C-A26D-C0B5166FD836}.Debug|Any CPU.ActiveCfg = Debug|Any CPU
		{4F95B842-C4B3-4D8C-A26D-C0B5166FD836}.Debug|Any CPU.Build.0 = Debug|Any CPU
		{4F95B842-C4B3-4D8C-A26D-C0B5166FD836}.Release|Any CPU.ActiveCfg = Release|Any CPU
		{4F95B842-C4B3-4D8C-A26D-C0B5166FD836}.Release|Any CPU.Build.0 = Release|Any CPU
	EndGlobalSection
	GlobalSection(SolutionProperties) = preSolution
		HideSolutionNode = FALSE
	EndGlobalSection
	GlobalSection(ExtensibilityGlobals) = postSolution
		SolutionGuid = {0CC85D1B-E10B-44E5-B253-3DE129722D0D}
	EndGlobalSection
EndGlobal
